
Microsoft Visual Studio Solution File, Format Version 12.00
Project("{FAE04EC0-301F-11D3-BF4B-00C04F79EFBC}") = "FolderCleanup", "FolderCleanup\FolderCleanup.csproj", "{FE01FB2E-A21E-4C86-BFC6-3E1EDBF57F82}"
EndProject
Project("{FAE04EC0-301F-11D3-BF4B-00C04F79EFBC}") = "FolderBackup", "FolderBackup\FolderBackup.csproj", "{049BDCC4-2716-4B33-94ED-37BE4A7CD56B}"
EndProject
Project("{FAE04EC0-301F-11D3-BF4B-00C04F79EFBC}") = "AppConfiguration", "AppConfiguration\AppConfiguration.csproj", "{DCF77D23-FAB4-4D6D-B467-70A5D7F1BBC6}"
EndProject
Global
	GlobalSection(SolutionConfigurationPlatforms) = preSolution
		Debug|Any CPU = Debug|Any CPU
		Release|Any CPU = Release|Any CPU
	EndGlobalSection
	GlobalSection(ProjectConfigurationPlatforms) = postSolution
		{FE01FB2E-A21E-4C86-BFC6-3E1EDBF57F82}.Debug|Any CPU.ActiveCfg = Debug|Any CPU
		{FE01FB2E-A21E-4C86-BFC6-3E1EDBF57F82}.Debug|Any CPU.Build.0 = Debug|Any CPU
		{FE01FB2E-A21E-4C86-BFC6-3E1EDBF57F82}.Release|Any CPU.ActiveCfg = Release|Any CPU
		{FE01FB2E-A21E-4C86-BFC6-3E1EDBF57F82}.Release|Any CPU.Build.0 = Release|Any CPU
		{049BDCC4-2716-4B33-94ED-37BE4A7CD56B}.Debug|Any CPU.ActiveCfg = Debug|Any CPU
		{049BDCC4-2716-4B33-94ED-37BE4A7CD56B}.Debug|Any CPU.Build.0 = Debug|Any CPU
		{049BDCC4-2716-4B33-94ED-37BE4A7CD56B}.Release|Any CPU.ActiveCfg = Release|Any CPU
		{049BDCC4-2716-4B33-94ED-37BE4A7CD56B}.Release|Any CPU.Build.0 = Release|Any CPU
		{DCF77D23-FAB4-4D6D-B467-70A5D7F1BBC6}.Debug|Any CPU.ActiveCfg = Debug|Any CPU
		{DCF77D23-FAB4-4D6D-B467-70A5D7F1BBC6}.Debug|Any CPU.Build.0 = Debug|Any CPU
		{DCF77D23-FAB4-4D6D-B467-70A5D7F1BBC6}.Release|Any CPU.ActiveCfg = Release|Any CPU
		{DCF77D23-FAB4-4D6D-B467-70A5D7F1BBC6}.Release|Any CPU.Build.0 = Release|Any CPU
	EndGlobalSection
EndGlobal
